
Microsoft Visual Studio Solution File, Format Version 12.00
# Visual Studio 2013
VisualStudioVersion = 12.0.21005.1
MinimumVisualStudioVersion = 10.0.40219.1
Project("{FAE04EC0-301F-11D3-BF4B-00C04F79EFBC}") = "Unidade VI", "Unidade VI\Unidade VI.csproj", "{049FE74F-7A92-4FCD-98F3-3865D4FB4681}"
EndProject
Project("{FAE04EC0-301F-11D3-BF4B-00C04F79EFBC}") = "Unidade VII", "Unidade VII\Unidade VII.csproj", "{8B32AEC5-E175-40DC-9470-7F473B487B0D}"
EndProject
Project("{FAE04EC0-301F-11D3-BF4B-00C04F79EFBC}") = "MedindoFebre_05", "MedindoFebre_05\MedindoFebre_05.csproj", "{CEB1C696-A3D4-432C-A45B-09DD24406DB0}"
EndProject
Global
	GlobalSection(SolutionConfigurationPlatforms) = preSolution
		Debug|Any CPU = Debug|Any CPU
		Release|Any CPU = Release|Any CPU
	EndGlobalSection
	GlobalSection(ProjectConfigurationPlatforms) = postSolution
		{049FE74F-7A92-4FCD-98F3-3865D4FB4681}.Debug|Any CPU.ActiveCfg = Debug|Any CPU
		{049FE74F-7A92-4FCD-98F3-3865D4FB4681}.Debug|Any CPU.Build.0 = Debug|Any CPU
		{049FE74F-7A92-4FCD-98F3-3865D4FB4681}.Release|Any CPU.ActiveCfg = Release|Any CPU
		{049FE74F-7A92-4FCD-98F3-3865D4FB4681}.Release|Any CPU.Build.0 = Release|Any CPU
		{8B32AEC5-E175-40DC-9470-7F473B487B0D}.Debug|Any CPU.ActiveCfg = Debug|Any CPU
		{8B32AEC5-E175-40DC-9470-7F473B487B0D}.Debug|Any CPU.Build.0 = Debug|Any CPU
		{8B32AEC5-E175-40DC-9470-7F473B487B0D}.Release|Any CPU.ActiveCfg = Release|Any CPU
		{8B32AEC5-E175-40DC-9470-7F473B487B0D}.Release|Any CPU.Build.0 = Release|Any CPU
		{CEB1C696-A3D4-432C-A45B-09DD24406DB0}.Debug|Any CPU.ActiveCfg = Debug|Any CPU
		{CEB1C696-A3D4-432C-A45B-09DD24406DB0}.Debug|Any CPU.Build.0 = Debug|Any CPU
		{CEB1C696-A3D4-432C-A45B-09DD24406DB0}.Release|Any CPU.ActiveCfg = Release|Any CPU
		{CEB1C696-A3D4-432C-A45B-09DD24406DB0}.Release|Any CPU.Build.0 = Release|Any CPU
	EndGlobalSection
	GlobalSection(SolutionProperties) = preSolution
		HideSolutionNode = FALSE
	EndGlobalSection
EndGlobal
