
Microsoft Visual Studio Solution File, Format Version 12.00
# Visual Studio 2013
VisualStudioVersion = 12.0.21005.1
MinimumVisualStudioVersion = 10.0.40219.1
Project("{FAE04EC0-301F-11D3-BF4B-00C04F79EFBC}") = "Unidade VI", "Unidade VI\Unidade VI.csproj", "{049FE74F-7A92-4FCD-98F3-3865D4FB4681}"
EndProject
Project("{FAE04EC0-301F-11D3-BF4B-00C04F79EFBC}") = "Unidade VII", "Unidade VII\Unidade VII.csproj", "{8B32AEC5-E175-40DC-9470-7F473B487B0D}"
EndProject
Project("{FAE04EC0-301F-11D3-BF4B-00C04F79EFBC}") = "Avaliacoes", "Avaliacoes\Avaliacoes.csproj", "{EE2310F8-F153-4D25-BC92-FB3796DF910C}"
EndProject
Project("{FAE04EC0-301F-11D3-BF4B-00C04F79EFBC}") = "Unidade VIII", "Unidade VIII\Unidade VIII.csproj", "{BC4B6C32-040A-4F64-8694-E2B0F8A951A8}"
EndProject
Global
	GlobalSection(SolutionConfigurationPlatforms) = preSolution
		Debug|Any CPU = Debug|Any CPU
		Release|Any CPU = Release|Any CPU
	EndGlobalSection
	GlobalSection(ProjectConfigurationPlatforms) = postSolution
		{049FE74F-7A92-4FCD-98F3-3865D4FB4681}.Debug|Any CPU.ActiveCfg = Debug|Any CPU
		{049FE74F-7A92-4FCD-98F3-3865D4FB4681}.Debug|Any CPU.Build.0 = Debug|Any CPU
		{049FE74F-7A92-4FCD-98F3-3865D4FB4681}.Release|Any CPU.ActiveCfg = Release|Any CPU
		{049FE74F-7A92-4FCD-98F3-3865D4FB4681}.Release|Any CPU.Build.0 = Release|Any CPU
		{8B32AEC5-E175-40DC-9470-7F473B487B0D}.Debug|Any CPU.ActiveCfg = Debug|Any CPU
		{8B32AEC5-E175-40DC-9470-7F473B487B0D}.Debug|Any CPU.Build.0 = Debug|Any CPU
		{8B32AEC5-E175-40DC-9470-7F473B487B0D}.Release|Any CPU.ActiveCfg = Release|Any CPU
		{8B32AEC5-E175-40DC-9470-7F473B487B0D}.Release|Any CPU.Build.0 = Release|Any CPU
		{EE2310F8-F153-4D25-BC92-FB3796DF910C}.Debug|Any CPU.ActiveCfg = Debug|Any CPU
		{EE2310F8-F153-4D25-BC92-FB3796DF910C}.Debug|Any CPU.Build.0 = Debug|Any CPU
		{EE2310F8-F153-4D25-BC92-FB3796DF910C}.Release|Any CPU.ActiveCfg = Release|Any CPU
		{EE2310F8-F153-4D25-BC92-FB3796DF910C}.Release|Any CPU.Build.0 = Release|Any CPU
		{BC4B6C32-040A-4F64-8694-E2B0F8A951A8}.Debug|Any CPU.ActiveCfg = Debug|Any CPU
		{BC4B6C32-040A-4F64-8694-E2B0F8A951A8}.Debug|Any CPU.Build.0 = Debug|Any CPU
		{BC4B6C32-040A-4F64-8694-E2B0F8A951A8}.Release|Any CPU.ActiveCfg = Release|Any CPU
		{BC4B6C32-040A-4F64-8694-E2B0F8A951A8}.Release|Any CPU.Build.0 = Release|Any CPU
	EndGlobalSection
	GlobalSection(SolutionProperties) = preSolution
		HideSolutionNode = FALSE
	EndGlobalSection
EndGlobal
